
Microsoft Visual Studio Solution File, Format Version 12.00
# Visual Studio Version 16
VisualStudioVersion = 16.0.28922.388
MinimumVisualStudioVersion = 10.0.40219.1
Project("{FAE04EC0-301F-11D3-BF4B-00C04F79EFBC}") = "BoringHelpers", "BoringHelpers\BoringHelpers.csproj", "{BA56EF2C-3923-4753-9799-D4241DD9F680}"
EndProject
Global
	GlobalSection(SolutionConfigurationPlatforms) = preSolution
		Debug|Any CPU = Debug|Any CPU
		Release|Any CPU = Release|Any CPU
	EndGlobalSection
	GlobalSection(ProjectConfigurationPlatforms) = postSolution
		{BA56EF2C-3923-4753-9799-D4241DD9F680}.Debug|Any CPU.ActiveCfg = Debug|Any CPU
		{BA56EF2C-3923-4753-9799-D4241DD9F680}.Debug|Any CPU.Build.0 = Debug|Any CPU
		{BA56EF2C-3923-4753-9799-D4241DD9F680}.Release|Any CPU.ActiveCfg = Release|Any CPU
		{BA56EF2C-3923-4753-9799-D4241DD9F680}.Release|Any CPU.Build.0 = Release|Any CPU
	EndGlobalSection
	GlobalSection(SolutionProperties) = preSolution
		HideSolutionNode = FALSE
	EndGlobalSection
	GlobalSection(ExtensibilityGlobals) = postSolution
		SolutionGuid = {E5E0A5F4-1C44-4F8E-AD42-21DB44A241F0}
	EndGlobalSection
EndGlobal
